
Microsoft Visual Studio Solution File, Format Version 12.00
# Visual Studio Version 16
VisualStudioVersion = 16.0.29905.134
MinimumVisualStudioVersion = 10.0.40219.1
Project("{8BC9CEB8-8B4A-11D0-8D11-00A0C91BC942}") = "Stariring", "Stariring\Stariring.vcxproj", "{A0571188-6F18-46DB-9F99-AE0E8896CAAB}"
EndProject
Global
	GlobalSection(SolutionConfigurationPlatforms) = preSolution
		Debug|x64 = Debug|x64
		Debug|x86 = Debug|x86
		Release|x64 = Release|x64
		Release|x86 = Release|x86
	EndGlobalSection
	GlobalSection(ProjectConfigurationPlatforms) = postSolution
		{A0571188-6F18-46DB-9F99-AE0E8896CAAB}.Debug|x64.ActiveCfg = Debug|x64
		{A0571188-6F18-46DB-9F99-AE0E8896CAAB}.Debug|x64.Build.0 = Debug|x64
		{A0571188-6F18-46DB-9F99-AE0E8896CAAB}.Debug|x86.ActiveCfg = Debug|Win32
		{A0571188-6F18-46DB-9F99-AE0E8896CAAB}.Debug|x86.Build.0 = Debug|Win32
		{A0571188-6F18-46DB-9F99-AE0E8896CAAB}.Release|x64.ActiveCfg = Release|x64
		{A0571188-6F18-46DB-9F99-AE0E8896CAAB}.Release|x64.Build.0 = Release|x64
		{A0571188-6F18-46DB-9F99-AE0E8896CAAB}.Release|x86.ActiveCfg = Release|Win32
		{A0571188-6F18-46DB-9F99-AE0E8896CAAB}.Release|x86.Build.0 = Release|Win32
	EndGlobalSection
	GlobalSection(SolutionProperties) = preSolution
		HideSolutionNode = FALSE
	EndGlobalSection
	GlobalSection(ExtensibilityGlobals) = postSolution
		SolutionGuid = {81455F19-6F4F-4895-B3A9-ECF6A51AB969}
	EndGlobalSection
EndGlobal
